// !$*UTF8*$!
{
	archiveVersion = 1;
	classes = {
	};
	objectVersion = 55;
	objects = {

/* Begin PBXBuildFile section */
		886F518228CF55600088BF56 /* detailsViewController.swift in Sources */ = {isa = PBXBuildFile; fileRef = 886F518128CF55600088BF56 /* detailsViewController.swift */; };
		88E16D8D28CF2C6C00F47712 /* AppDelegate.swift in Sources */ = {isa = PBXBuildFile; fileRef = 88E16D8C28CF2C6C00F47712 /* AppDelegate.swift */; };
		88E16D8F28CF2C6D00F47712 /* SceneDelegate.swift in Sources */ = {isa = PBXBuildFile; fileRef = 88E16D8E28CF2C6C00F47712 /* SceneDelegate.swift */; };
		88E16D9128CF2C6D00F47712 /* ViewController.swift in Sources */ = {isa = PBXBuildFile; fileRef = 88E16D9028CF2C6D00F47712 /* ViewController.swift */; };
		88E16D9428CF2C6D00F47712 /* Main.storyboard in Resources */ = {isa = PBXBuildFile; fileRef = 88E16D9228CF2C6D00F47712 /* Main.storyboard */; };
		88E16D9628CF2C6F00F47712 /* Assets.xcassets in Resources */ = {isa = PBXBuildFile; fileRef = 88E16D9528CF2C6F00F47712 /* Assets.xcassets */; };
		88E16D9928CF2C6F00F47712 /* LaunchScreen.storyboard in Resources */ = {isa = PBXBuildFile; fileRef = 88E16D9728CF2C6F00F47712 /* LaunchScreen.storyboard */; };
		88E16DA228CF2CC900F47712 /* TableViewCell.swift in Sources */ = {isa = PBXBuildFile; fileRef = 88E16DA028CF2CC900F47712 /* TableViewCell.swift */; };
		88E16DA328CF2CC900F47712 /* TableViewCell.xib in Resources */ = {isa = PBXBuildFile; fileRef = 88E16DA128CF2CC900F47712 /* TableViewCell.xib */; };
		88E16DA528CF2E8800F47712 /* helper.swift in Sources */ = {isa = PBXBuildFile; fileRef = 88E16DA428CF2E8800F47712 /* helper.swift */; };
/* End PBXBuildFile section */

/* Begin PBXFileReference section */
		886F518128CF55600088BF56 /* detailsViewController.swift */ = {isa = PBXFileReference; lastKnownFileType = sourcecode.swift; path = detailsViewController.swift; sourceTree = "<group>"; };
		88E16D8928CF2C6C00F47712 /* expandableTableAppDemo.app */ = {isa = PBXFileReference; explicitFileType = wrapper.application; includeInIndex = 0; path = expandableTableAppDemo.app; sourceTree = BUILT_PRODUCTS_DIR; };
		88E16D8C28CF2C6C00F47712 /* AppDelegate.swift */ = {isa = PBXFileReference; lastKnownFileType = sourcecode.swift; path = AppDelegate.swift; sourceTree = "<group>"; };
		88E16D8E28CF2C6C00F47712 /* SceneDelegate.swift */ = {isa = PBXFileReference; lastKnownFileType = sourcecode.swift; path = SceneDelegate.swift; sourceTree = "<group>"; };
		88E16D9028CF2C6D00F47712 /* ViewController.swift */ = {isa = PBXFileReference; lastKnownFileType = sourcecode.swift; path = ViewController.swift; sourceTree = "<group>"; };
		88E16D9328CF2C6D00F47712 /* Base */ = {isa = PBXFileReference; lastKnownFileType = file.storyboard; name = Base; path = Base.lproj/Main.storyboard; sourceTree = "<group>"; };
		88E16D9528CF2C6F00F47712 /* Assets.xcassets */ = {isa = PBXFileReference; lastKnownFileType = folder.assetcatalog; path = Assets.xcassets; sourceTree = "<group>"; };
		88E16D9828CF2C6F00F47712 /* Base */ = {isa = PBXFileReference; lastKnownFileType = file.storyboard; name = Base; path = Base.lproj/LaunchScreen.storyboard; sourceTree = "<group>"; };
		88E16D9A28CF2C6F00F47712 /* Info.plist */ = {isa = PBXFileReference; lastKnownFileType = text.plist.xml; path = Info.plist; sourceTree = "<group>"; };
		88E16DA028CF2CC900F47712 /* TableViewCell.swift */ = {isa = PBXFileReference; lastKnownFileType = sourcecode.swift; path = TableViewCell.swift; sourceTree = "<group>"; };
		88E16DA128CF2CC900F47712 /* TableViewCell.xib */ = {isa = PBXFileReference; lastKnownFileType = file.xib; path = TableViewCell.xib; sourceTree = "<group>"; };
		88E16DA428CF2E8800F47712 /* helper.swift */ = {isa = PBXFileReference; lastKnownFileType = sourcecode.swift; path = helper.swift; sourceTree = "<group>"; };
/* End PBXFileReference section */

/* Begin PBXFrameworksBuildPhase section */
		88E16D8628CF2C6C00F47712 /* Frameworks */ = {
			isa = PBXFrameworksBuildPhase;
			buildActionMask = 2147483647;
			files = (
			);
			runOnlyForDeploymentPostprocessing = 0;
		};
/* End PBXFrameworksBuildPhase section */

/* Begin PBXGroup section */
		88E16D8028CF2C6C00F47712 = {
			isa = PBXGroup;
			children = (
				88E16D8B28CF2C6C00F47712 /* expandableTableAppDemo */,
				88E16D8A28CF2C6C00F47712 /* Products */,
			);
			sourceTree = "<group>";
		};
		88E16D8A28CF2C6C00F47712 /* Products */ = {
			isa = PBXGroup;
			children = (
				88E16D8928CF2C6C00F47712 /* expandableTableAppDemo.app */,
			);
			name = Products;
			sourceTree = "<group>";
		};
		88E16D8B28CF2C6C00F47712 /* expandableTableAppDemo */ = {
			isa = PBXGroup;
			children = (
				88E16D8C28CF2C6C00F47712 /* AppDelegate.swift */,
				88E16D8E28CF2C6C00F47712 /* SceneDelegate.swift */,
				88E16D9028CF2C6D00F47712 /* ViewController.swift */,
				88E16D9228CF2C6D00F47712 /* Main.storyboard */,
				88E16D9528CF2C6F00F47712 /* Assets.xcassets */,
				88E16D9728CF2C6F00F47712 /* LaunchScreen.storyboard */,
				88E16D9A28CF2C6F00F47712 /* Info.plist */,
				88E16DA028CF2CC900F47712 /* TableViewCell.swift */,
				88E16DA128CF2CC900F47712 /* TableViewCell.xib */,
				88E16DA428CF2E8800F47712 /* helper.swift */,
				886F518128CF55600088BF56 /* detailsViewController.swift */,
			);
			path = expandableTableAppDemo;
			sourceTree = "<group>";
		};
/* End PBXGroup section */

/* Begin PBXNativeTarget section */
		88E16D8828CF2C6C00F47712 /* expandableTableAppDemo */ = {
			isa = PBXNativeTarget;
			buildConfigurationList = 88E16D9D28CF2C6F00F47712 /* Build configuration list for PBXNativeTarget "expandableTableAppDemo" */;
			buildPhases = (
				88E16D8528CF2C6C00F47712 /* Sources */,
				88E16D8628CF2C6C00F47712 /* Frameworks */,
				88E16D8728CF2C6C00F47712 /* Resources */,
			);
			buildRules = (
			);
			dependencies = (
			);
			name = expandableTableAppDemo;
			productName = expandableTableAppDemo;
			productReference = 88E16D8928CF2C6C00F47712 /* expandableTableAppDemo.app */;
			productType = "com.apple.product-type.application";
		};
/* End PBXNativeTarget section */

/* Begin PBXProject section */
		88E16D8128CF2C6C00F47712 /* Project object */ = {
			isa = PBXProject;
			attributes = {
				BuildIndependentTargetsInParallel = 1;
				LastSwiftUpdateCheck = 1300;
				LastUpgradeCheck = 1300;
				TargetAttributes = {
					88E16D8828CF2C6C00F47712 = {
						CreatedOnToolsVersion = 13.0;
					};
				};
			};
			buildConfigurationList = 88E16D8428CF2C6C00F47712 /* Build configuration list for PBXProject "expandableTableAppDemo" */;
			compatibilityVersion = "Xcode 13.0";
			developmentRegion = en;
			hasScannedForEncodings = 0;
			knownRegions = (
				en,
				Base,
			);
			mainGroup = 88E16D8028CF2C6C00F47712;
			productRefGroup = 88E16D8A28CF2C6C00F47712 /* Products */;
			projectDirPath = "";
			projectRoot = "";
			targets = (
				88E16D8828CF2C6C00F47712 /* expandableTableAppDemo */,
			);
		};
/* End PBXProject section */

/* Begin PBXResourcesBuildPhase section */
		88E16D8728CF2C6C00F47712 /* Resources */ = {
			isa = PBXResourcesBuildPhase;
			buildActionMask = 2147483647;
			files = (
				88E16D9928CF2C6F00F47712 /* LaunchScreen.storyboard in Resources */,
				88E16DA328CF2CC900F47712 /* TableViewCell.xib in Resources */,
				88E16D9628CF2C6F00F47712 /* Assets.xcassets in Resources */,
				88E16D9428CF2C6D00F47712 /* Main.storyboard in Resources */,
			);
			runOnlyForDeploymentPostprocessing = 0;
		};
/* End PBXResourcesBuildPhase section */

/* Begin PBXSourcesBuildPhase section */
		88E16D8528CF2C6C00F47712 /* Sources */ = {
			isa = PBXSourcesBuildPhase;
			buildActionMask = 2147483647;
			files = (
				88E16D9128CF2C6D00F47712 /* ViewController.swift in Sources */,
				886F518228CF55600088BF56 /* detailsViewController.swift in Sources */,
				88E16DA228CF2CC900F47712 /* TableViewCell.swift in Sources */,
				88E16D8D28CF2C6C00F47712 /* AppDelegate.swift in Sources */,
				88E16DA528CF2E8800F47712 /* helper.swift in Sources */,
				88E16D8F28CF2C6D00F47712 /* SceneDelegate.swift in Sources */,
			);
			runOnlyForDeploymentPostprocessing = 0;
		};
/* End PBXSourcesBuildPhase section */

/* Begin PBXVariantGroup section */
		88E16D9228CF2C6D00F47712 /* Main.storyboard */ = {
			isa = PBXVariantGroup;
			children = (
				88E16D9328CF2C6D00F47712 /* Base */,
			);
			name = Main.storyboard;
			sourceTree = "<group>";
		};
		88E16D9728CF2C6F00F47712 /* LaunchScreen.storyboard */ = {
			isa = PBXVariantGroup;
			children = (
				88E16D9828CF2C6F00F47712 /* Base */,
			);
			name = LaunchScreen.storyboard;
			sourceTree = "<group>";
		};
/* End PBXVariantGroup section */

/* Begin XCBuildConfiguration section */
		88E16D9B28CF2C6F00F47712 /* Debug */ = {
			isa = XCBuildConfiguration;
			buildSettings = {
				ALWAYS_SEARCH_USER_PATHS = NO;
				CLANG_ANALYZER_NONNULL = YES;
				CLANG_ANALYZER_NUMBER_OBJECT_CONVERSION = YES_AGGRESSIVE;
				CLANG_CXX_LANGUAGE_STANDARD = "gnu++17";
				CLANG_CXX_LIBRARY = "libc++";
				CLANG_ENABLE_MODULES = YES;
				CLANG_ENABLE_OBJC_ARC = YES;
				CLANG_ENABLE_OBJC_WEAK = YES;
				CLANG_WARN_BLOCK_CAPTURE_AUTORELEASING = YES;
				CLANG_WARN_BOOL_CONVERSION = YES;
				CLANG_WARN_COMMA = YES;
				CLANG_WARN_CONSTANT_CONVERSION = YES;
				CLANG_WARN_DEPRECATED_OBJC_IMPLEMENTATIONS = YES;
				CLANG_WARN_DIRECT_OBJC_ISA_USAGE = YES_ERROR;
				CLANG_WARN_DOCUMENTATION_COMMENTS = YES;
				CLANG_WARN_EMPTY_BODY = YES;
				CLANG_WARN_ENUM_CONVERSION = YES;
				CLANG_WARN_INFINITE_RECURSION = YES;
				CLANG_WARN_INT_CONVERSION = YES;
				CLANG_WARN_NON_LITERAL_NULL_CONVERSION = YES;
				CLANG_WARN_OBJC_IMPLICIT_RETAIN_SELF = YES;
				CLANG_WARN_OBJC_LITERAL_CONVERSION = YES;
				CLANG_WARN_OBJC_ROOT_CLASS = YES_ERROR;
				CLANG_WARN_QUOTED_INCLUDE_IN_FRAMEWORK_HEADER = YES;
				CLANG_WARN_RANGE_LOOP_ANALYSIS = YES;
				CLANG_WARN_STRICT_PROTOTYPES = YES;
				CLANG_WARN_SUSPICIOUS_MOVE = YES;
				CLANG_WARN_UNGUARDED_AVAILABILITY = YES_AGGRESSIVE;
				CLANG_WARN_UNREACHABLE_CODE = YES;
				CLANG_WARN__DUPLICATE_METHOD_MATCH = YES;
				COPY_PHASE_STRIP = NO;
				DEBUG_INFORMATION_FORMAT = dwarf;
				ENABLE_STRICT_OBJC_MSGSEND = YES;
				ENABLE_TESTABILITY = YES;
				GCC_C_LANGUAGE_STANDARD = gnu11;
				GCC_DYNAMIC_NO_PIC = NO;
				GCC_NO_COMMON_BLOCKS = YES;
				GCC_OPTIMIZATION_LEVEL = 0;
				GCC_PREPROCESSOR_DEFINITIONS = (
					"DEBUG=1",
					"$(inherited)",
				);
				GCC_WARN_64_TO_32_BIT_CONVERSION = YES;
				GCC_WARN_ABOUT_RETURN_TYPE = YES_ERROR;
				GCC_WARN_UNDECLARED_SELECTOR = YES;
				GCC_WARN_UNINITIALIZED_AUTOS = YES_AGGRESSIVE;
				GCC_WARN_UNUSED_FUNCTION = YES;
				GCC_WARN_UNUSED_VARIABLE = YES;
				IPHONEOS_DEPLOYMENT_TARGET = 15.0;
				MTL_ENABLE_DEBUG_INFO = INCLUDE_SOURCE;
				MTL_FAST_MATH = YES;
				ONLY_ACTIVE_ARCH = YES;
				SDKROOT = iphoneos;
				SWIFT_ACTIVE_COMPILATION_CONDITIONS = DEBUG;
				SWIFT_OPTIMIZATION_LEVEL = "-Onone";
			};
			name = Debug;
		};
		88E16D9C28CF2C6F00F47712 /* Release */ = {
			isa = XCBuildConfiguration;
			buildSettings = {
				ALWAYS_SEARCH_USER_PATHS = NO;
				CLANG_ANALYZER_NONNULL = YES;
				CLANG_ANALYZER_NUMBER_OBJECT_CONVERSION = YES_AGGRESSIVE;
				CLANG_CXX_LANGUAGE_STANDARD = "gnu++17";
				CLANG_CXX_LIBRARY = "libc++";
				CLANG_ENABLE_MODULES = YES;
				CLANG_ENABLE_OBJC_ARC = YES;
				CLANG_ENABLE_OBJC_WEAK = YES;
				CLANG_WARN_BLOCK_CAPTURE_AUTORELEASING = YES;
				CLANG_WARN_BOOL_CONVERSION = YES;
				CLANG_WARN_COMMA = YES;
				CLANG_WARN_CONSTANT_CONVERSION = YES;
				CLANG_WARN_DEPRECATED_OBJC_IMPLEMENTATIONS = YES;
				CLANG_WARN_DIRECT_OBJC_ISA_USAGE = YES_ERROR;
				CLANG_WARN_DOCUMENTATION_COMMENTS = YES;
				CLANG_WARN_EMPTY_BODY = YES;
				CLANG_WARN_ENUM_CONVERSION = YES;
				CLANG_WARN_INFINITE_RECURSION = YES;
				CLANG_WARN_INT_CONVERSION = YES;
				CLANG_WARN_NON_LITERAL_NULL_CONVERSION = YES;
				CLANG_WARN_OBJC_IMPLICIT_RETAIN_SELF = YES;
				CLANG_WARN_OBJC_LITERAL_CONVERSION = YES;
				CLANG_WARN_OBJC_ROOT_CLASS = YES_ERROR;
				CLANG_WARN_QUOTED_INCLUDE_IN_FRAMEWORK_HEADER = YES;
				CLANG_WARN_RANGE_LOOP_ANALYSIS = YES;
				CLANG_WARN_STRICT_PROTOTYPES = YES;
				CLANG_WARN_SUSPICIOUS_MOVE = YES;
				CLANG_WARN_UNGUARDED_AVAILABILITY = YES_AGGRESSIVE;
				CLANG_WARN_UNREACHABLE_CODE = YES;
				CLANG_WARN__DUPLICATE_METHOD_MATCH = YES;
				COPY_PHASE_STRIP = NO;
				DEBUG_INFORMATION_FORMAT = "dwarf-with-dsym";
				ENABLE_NS_ASSERTIONS = NO;
				ENABLE_STRICT_OBJC_MSGSEND = YES;
				GCC_C_LANGUAGE_STANDARD = gnu11;
				GCC_NO_COMMON_BLOCKS = YES;
				GCC_WARN_64_TO_32_BIT_CONVERSION = YES;
				GCC_WARN_ABOUT_RETURN_TYPE = YES_ERROR;
				GCC_WARN_UNDECLARED_SELECTOR = YES;
				GCC_WARN_UNINITIALIZED_AUTOS = YES_AGGRESSIVE;
				GCC_WARN_UNUSED_FUNCTION = YES;
				GCC_WARN_UNUSED_VARIABLE = YES;
				IPHONEOS_DEPLOYMENT_TARGET = 15.0;
				MTL_ENABLE_DEBUG_INFO = NO;
				MTL_FAST_MATH = YES;
				SDKROOT = iphoneos;
				SWIFT_COMPILATION_MODE = wholemodule;
				SWIFT_OPTIMIZATION_LEVEL = "-O";
				VALIDATE_PRODUCT = YES;
			};
			name = Release;
		};
		88E16D9E28CF2C6F00F47712 /* Debug */ = {
			isa = XCBuildConfiguration;
			buildSettings = {
				ASSETCATALOG_COMPILER_APPICON_NAME = AppIcon;
				ASSETCATALOG_COMPILER_GLOBAL_ACCENT_COLOR_NAME = AccentColor;
				CODE_SIGN_STYLE = Automatic;
				CURRENT_PROJECT_VERSION = 1;
				GENERATE_INFOPLIST_FILE = YES;
				INFOPLIST_FILE = expandableTableAppDemo/Info.plist;
				INFOPLIST_KEY_CFBundleDisplayName = ex;
				INFOPLIST_KEY_UIApplicationSupportsIndirectInputEvents = YES;
				INFOPLIST_KEY_UILaunchStoryboardName = LaunchScreen;
				INFOPLIST_KEY_UIMainStoryboardFile = Main;
				INFOPLIST_KEY_UISupportedInterfaceOrientations = UIInterfaceOrientationPortrait;
				INFOPLIST_KEY_UISupportedInterfaceOrientations_iPad = "UIInterfaceOrientationPortrait UIInterfaceOrientationPortraitUpsideDown UIInterfaceOrientationLandscapeLeft UIInterfaceOrientationLandscapeRight";
				INFOPLIST_KEY_UISupportedInterfaceOrientations_iPhone = "UIInterfaceOrientationPortrait UIInterfaceOrientationLandscapeLeft UIInterfaceOrientationLandscapeRight";
				LD_RUNPATH_SEARCH_PATHS = (
					"$(inherited)",
					"@executable_path/Frameworks",
				);
				MARKETING_VERSION = 1.0;
				PRODUCT_BUNDLE_IDENTIFIER = com.app.radiocity.expandableTableAppDemo;
				PRODUCT_NAME = "$(TARGET_NAME)";
				SWIFT_EMIT_LOC_STRINGS = YES;
				SWIFT_VERSION = 5.0;
				TARGETED_DEVICE_FAMILY = 1;
			};
			name = Debug;
		};
		88E16D9F28CF2C6F00F47712 /* Release */ = {
			isa = XCBuildConfiguration;
			buildSettings = {
				ASSETCATALOG_COMPILER_APPICON_NAME = AppIcon;
				ASSETCATALOG_COMPILER_GLOBAL_ACCENT_COLOR_NAME = AccentColor;
				CODE_SIGN_STYLE = Automatic;
				CURRENT_PROJECT_VERSION = 1;
				GENERATE_INFOPLIST_FILE = YES;
				INFOPLIST_FILE = expandableTableAppDemo/Info.plist;
				INFOPLIST_KEY_CFBundleDisplayName = ex;
				INFOPLIST_KEY_UIApplicationSupportsIndirectInputEvents = YES;
				INFOPLIST_KEY_UILaunchStoryboardName = LaunchScreen;
				INFOPLIST_KEY_UIMainStoryboardFile = Main;
				INFOPLIST_KEY_UISupportedInterfaceOrientations = UIInterfaceOrientationPortrait;
				INFOPLIST_KEY_UISupportedInterfaceOrientations_iPad = "UIInterfaceOrientationPortrait UIInterfaceOrientationPortraitUpsideDown UIInterfaceOrientationLandscapeLeft UIInterfaceOrientationLandscapeRight";
				INFOPLIST_KEY_UISupportedInterfaceOrientations_iPhone = "UIInterfaceOrientationPortrait UIInterfaceOrientationLandscapeLeft UIInterfaceOrientationLandscapeRight";
				LD_RUNPATH_SEARCH_PATHS = (
					"$(inherited)",
					"@executable_path/Frameworks",
				);
				MARKETING_VERSION = 1.0;
				PRODUCT_BUNDLE_IDENTIFIER = com.app.radiocity.expandableTableAppDemo;
				PRODUCT_NAME = "$(TARGET_NAME)";
				SWIFT_EMIT_LOC_STRINGS = YES;
				SWIFT_VERSION = 5.0;
				TARGETED_DEVICE_FAMILY = 1;
			};
			name = Release;
		};
/* End XCBuildConfiguration section */

/* Begin XCConfigurationList section */
		88E16D8428CF2C6C00F47712 /* Build configuration list for PBXProject "expandableTableAppDemo" */ = {
			isa = XCConfigurationList;
			buildConfigurations = (
				88E16D9B28CF2C6F00F47712 /* Debug */,
				88E16D9C28CF2C6F00F47712 /* Release */,
			);
			defaultConfigurationIsVisible = 0;
			defaultConfigurationName = Release;
		};
		88E16D9D28CF2C6F00F47712 /* Build configuration list for PBXNativeTarget "expandableTableAppDemo" */ = {
			isa = XCConfigurationList;
			buildConfigurations = (
				88E16D9E28CF2C6F00F47712 /* Debug */,
				88E16D9F28CF2C6F00F47712 /* Release */,
			);
			defaultConfigurationIsVisible = 0;
			defaultConfigurationName = Release;
		};
/* End XCConfigurationList section */
	};
	rootObject = 88E16D8128CF2C6C00F47712 /* Project object */;
}
